// !$*UTF8*$!
{
	archiveVersion = 1;
	classes = {
	};
	objectVersion = 46;
	objects = {

/* Begin PBXBuildFile section */
		36A2BCCC1FC611E600DD20ED /* walker.png in Resources */ = {isa = PBXBuildFile; fileRef = 36A2BCCB1FC611E600DD20ED /* walker.png */; };
		36A2BCCF1FC6120400DD20ED /* greenpin.png in Resources */ = {isa = PBXBuildFile; fileRef = 36A2BCCD1FC6120400DD20ED /* greenpin.png */; };
		36A2BCD21FC6124B00DD20ED /* blackpin.png in Resources */ = {isa = PBXBuildFile; fileRef = 36A2BCD11FC6124B00DD20ED /* blackpin.png */; };
		36A2BCD41FC618ED00DD20ED /* direction.png in Resources */ = {isa = PBXBuildFile; fileRef = 36A2BCD31FC618ED00DD20ED /* direction.png */; };
		957954891FC53290003929C6 /* main.m in Sources */ = {isa = PBXBuildFile; fileRef = 957954881FC53290003929C6 /* main.m */; };
		9579548C1FC53290003929C6 /* AppDelegate.m in Sources */ = {isa = PBXBuildFile; fileRef = 9579548B1FC53290003929C6 /* AppDelegate.m */; };
		9579548F1FC53290003929C6 /* BikeShareMapViewController.m in Sources */ = {isa = PBXBuildFile; fileRef = 9579548E1FC53290003929C6 /* BikeShareMapViewController.m */; };
		957954921FC53290003929C6 /* Main.storyboard in Resources */ = {isa = PBXBuildFile; fileRef = 957954901FC53290003929C6 /* Main.storyboard */; };
		957954951FC53290003929C6 /* bikemap.xcdatamodeld in Sources */ = {isa = PBXBuildFile; fileRef = 957954931FC53290003929C6 /* bikemap.xcdatamodeld */; };
		957954971FC53290003929C6 /* Assets.xcassets in Resources */ = {isa = PBXBuildFile; fileRef = 957954961FC53290003929C6 /* Assets.xcassets */; };
		9579549A1FC53290003929C6 /* LaunchScreen.storyboard in Resources */ = {isa = PBXBuildFile; fileRef = 957954981FC53290003929C6 /* LaunchScreen.storyboard */; };
		957954A31FC533B8003929C6 /* MapKit.framework in Frameworks */ = {isa = PBXBuildFile; fileRef = 957954A21FC533B8003929C6 /* MapKit.framework */; };
		957954A61FC54D7D003929C6 /* BikeLocation.m in Sources */ = {isa = PBXBuildFile; fileRef = 957954A51FC54D7D003929C6 /* BikeLocation.m */; };
		95F58E021FC6BC5C00A23C9E /* startingPoint.png in Resources */ = {isa = PBXBuildFile; fileRef = 95F58E011FC6BC5C00A23C9E /* startingPoint.png */; };
		95F58E041FC6BD6600A23C9E /* destinationPoint.png in Resources */ = {isa = PBXBuildFile; fileRef = 95F58E031FC6BD6600A23C9E /* destinationPoint.png */; };
		95F58E0A1FCAA52E00A23C9E /* redpin.png in Resources */ = {isa = PBXBuildFile; fileRef = 95F58E091FCAA52E00A23C9E /* redpin.png */; };
		95F58E0C1FCBAA0D00A23C9E /* reposPointer.png in Resources */ = {isa = PBXBuildFile; fileRef = 95F58E0B1FCBAA0D00A23C9E /* reposPointer.png */; };
/* End PBXBuildFile section */

/* Begin PBXFileReference section */
		36A2BCCB1FC611E600DD20ED /* walker.png */ = {isa = PBXFileReference; lastKnownFileType = image.png; path = walker.png; sourceTree = "<group>"; };
		36A2BCCD1FC6120400DD20ED /* greenpin.png */ = {isa = PBXFileReference; lastKnownFileType = image.png; path = greenpin.png; sourceTree = "<group>"; };
		36A2BCD11FC6124B00DD20ED /* blackpin.png */ = {isa = PBXFileReference; lastKnownFileType = image.png; path = blackpin.png; sourceTree = "<group>"; };
		36A2BCD31FC618ED00DD20ED /* direction.png */ = {isa = PBXFileReference; lastKnownFileType = image.png; path = direction.png; sourceTree = "<group>"; };
		957954841FC53290003929C6 /* bikemap.app */ = {isa = PBXFileReference; explicitFileType = wrapper.application; includeInIndex = 0; path = bikemap.app; sourceTree = BUILT_PRODUCTS_DIR; };
		957954881FC53290003929C6 /* main.m */ = {isa = PBXFileReference; lastKnownFileType = sourcecode.c.objc; path = main.m; sourceTree = "<group>"; };
		9579548A1FC53290003929C6 /* AppDelegate.h */ = {isa = PBXFileReference; lastKnownFileType = sourcecode.c.h; path = AppDelegate.h; sourceTree = "<group>"; };
		9579548B1FC53290003929C6 /* AppDelegate.m */ = {isa = PBXFileReference; lastKnownFileType = sourcecode.c.objc; path = AppDelegate.m; sourceTree = "<group>"; };
		9579548D1FC53290003929C6 /* BikeShareMapViewController.h */ = {isa = PBXFileReference; lastKnownFileType = sourcecode.c.h; path = BikeShareMapViewController.h; sourceTree = "<group>"; };
		9579548E1FC53290003929C6 /* BikeShareMapViewController.m */ = {isa = PBXFileReference; lastKnownFileType = sourcecode.c.objc; path = BikeShareMapViewController.m; sourceTree = "<group>"; };
		957954911FC53290003929C6 /* Base */ = {isa = PBXFileReference; lastKnownFileType = file.storyboard; name = Base; path = Base.lproj/Main.storyboard; sourceTree = "<group>"; };
		957954941FC53290003929C6 /* bikemap.xcdatamodel */ = {isa = PBXFileReference; lastKnownFileType = wrapper.xcdatamodel; path = bikemap.xcdatamodel; sourceTree = "<group>"; };
		957954961FC53290003929C6 /* Assets.xcassets */ = {isa = PBXFileReference; lastKnownFileType = folder.assetcatalog; path = Assets.xcassets; sourceTree = "<group>"; };
		957954991FC53290003929C6 /* Base */ = {isa = PBXFileReference; lastKnownFileType = file.storyboard; name = Base; path = Base.lproj/LaunchScreen.storyboard; sourceTree = "<group>"; };
		9579549B1FC53290003929C6 /* Info.plist */ = {isa = PBXFileReference; lastKnownFileType = text.plist.xml; path = Info.plist; sourceTree = "<group>"; };
		957954A21FC533B8003929C6 /* MapKit.framework */ = {isa = PBXFileReference; lastKnownFileType = wrapper.framework; name = MapKit.framework; path = System/Library/Frameworks/MapKit.framework; sourceTree = SDKROOT; };
		957954A41FC54D15003929C6 /* BikeLocation.h */ = {isa = PBXFileReference; fileEncoding = 4; lastKnownFileType = sourcecode.c.h; path = BikeLocation.h; sourceTree = "<group>"; };
		957954A51FC54D7D003929C6 /* BikeLocation.m */ = {isa = PBXFileReference; fileEncoding = 4; lastKnownFileType = sourcecode.c.objc; path = BikeLocation.m; sourceTree = "<group>"; };
		95F58E011FC6BC5C00A23C9E /* startingPoint.png */ = {isa = PBXFileReference; lastKnownFileType = image.png; path = startingPoint.png; sourceTree = "<group>"; };
		95F58E031FC6BD6600A23C9E /* destinationPoint.png */ = {isa = PBXFileReference; lastKnownFileType = image.png; path = destinationPoint.png; sourceTree = "<group>"; };
		95F58E091FCAA52E00A23C9E /* redpin.png */ = {isa = PBXFileReference; lastKnownFileType = image.png; path = redpin.png; sourceTree = "<group>"; };
		95F58E0B1FCBAA0D00A23C9E /* reposPointer.png */ = {isa = PBXFileReference; lastKnownFileType = image.png; path = reposPointer.png; sourceTree = "<group>"; };
/* End PBXFileReference section */

/* Begin PBXFrameworksBuildPhase section */
		957954811FC53290003929C6 /* Frameworks */ = {
			isa = PBXFrameworksBuildPhase;
			buildActionMask = 2147483647;
			files = (
				957954A31FC533B8003929C6 /* MapKit.framework in Frameworks */,
			);
			runOnlyForDeploymentPostprocessing = 0;
		};
/* End PBXFrameworksBuildPhase section */

/* Begin PBXGroup section */
		36A2BCCA1FC611C700DD20ED /* Resources */ = {
			isa = PBXGroup;
			children = (
				36A2BCCB1FC611E600DD20ED /* walker.png */,
				36A2BCD11FC6124B00DD20ED /* blackpin.png */,
				36A2BCCD1FC6120400DD20ED /* greenpin.png */,
				36A2BCD31FC618ED00DD20ED /* direction.png */,
				95F58E011FC6BC5C00A23C9E /* startingPoint.png */,
				95F58E091FCAA52E00A23C9E /* redpin.png */,
				95F58E0B1FCBAA0D00A23C9E /* reposPointer.png */,
				95F58E031FC6BD6600A23C9E /* destinationPoint.png */,
			);
			name = Resources;
			sourceTree = "<group>";
		};
		9579547B1FC5328F003929C6 = {
			isa = PBXGroup;
			children = (
				957954861FC53290003929C6 /* bikemap */,
				957954851FC53290003929C6 /* Products */,
				957954A11FC533B8003929C6 /* Frameworks */,
			);
			sourceTree = "<group>";
		};
		957954851FC53290003929C6 /* Products */ = {
			isa = PBXGroup;
			children = (
				957954841FC53290003929C6 /* bikemap.app */,
			);
			name = Products;
			sourceTree = "<group>";
		};
		957954861FC53290003929C6 /* bikemap */ = {
			isa = PBXGroup;
			children = (
				36A2BCCA1FC611C700DD20ED /* Resources */,
				9579548A1FC53290003929C6 /* AppDelegate.h */,
				9579548B1FC53290003929C6 /* AppDelegate.m */,
				9579548D1FC53290003929C6 /* BikeShareMapViewController.h */,
				9579548E1FC53290003929C6 /* BikeShareMapViewController.m */,
				957954A41FC54D15003929C6 /* BikeLocation.h */,
				957954A51FC54D7D003929C6 /* BikeLocation.m */,
				957954901FC53290003929C6 /* Main.storyboard */,
				957954961FC53290003929C6 /* Assets.xcassets */,
				957954981FC53290003929C6 /* LaunchScreen.storyboard */,
				9579549B1FC53290003929C6 /* Info.plist */,
				957954931FC53290003929C6 /* bikemap.xcdatamodeld */,
				957954871FC53290003929C6 /* Supporting Files */,
			);
			path = bikemap;
			sourceTree = "<group>";
		};
		957954871FC53290003929C6 /* Supporting Files */ = {
			isa = PBXGroup;
			children = (
				957954881FC53290003929C6 /* main.m */,
			);
			name = "Supporting Files";
			sourceTree = "<group>";
		};
		957954A11FC533B8003929C6 /* Frameworks */ = {
			isa = PBXGroup;
			children = (
				957954A21FC533B8003929C6 /* MapKit.framework */,
			);
			name = Frameworks;
			sourceTree = "<group>";
		};
/* End PBXGroup section */

/* Begin PBXNativeTarget section */
		957954831FC53290003929C6 /* bikemap */ = {
			isa = PBXNativeTarget;
			buildConfigurationList = 9579549E1FC53290003929C6 /* Build configuration list for PBXNativeTarget "bikemap" */;
			buildPhases = (
				957954801FC53290003929C6 /* Sources */,
				957954811FC53290003929C6 /* Frameworks */,
				957954821FC53290003929C6 /* Resources */,
			);
			buildRules = (
			);
			dependencies = (
			);
			name = bikemap;
			productName = bikemap;
			productReference = 957954841FC53290003929C6 /* bikemap.app */;
			productType = "com.apple.product-type.application";
		};
/* End PBXNativeTarget section */

/* Begin PBXProject section */
		9579547C1FC5328F003929C6 /* Project object */ = {
			isa = PBXProject;
			attributes = {
				LastUpgradeCheck = 0830;
				ORGANIZATIONNAME = Rickie;
				TargetAttributes = {
					957954831FC53290003929C6 = {
						CreatedOnToolsVersion = 8.3.1;
						DevelopmentTeam = XQ9J2D9T83;
						ProvisioningStyle = Automatic;
					};
				};
			};
			buildConfigurationList = 9579547F1FC5328F003929C6 /* Build configuration list for PBXProject "bikemap" */;
			compatibilityVersion = "Xcode 3.2";
			developmentRegion = English;
			hasScannedForEncodings = 0;
			knownRegions = (
				en,
				Base,
			);
			mainGroup = 9579547B1FC5328F003929C6;
			productRefGroup = 957954851FC53290003929C6 /* Products */;
			projectDirPath = "";
			projectRoot = "";
			targets = (
				957954831FC53290003929C6 /* bikemap */,
			);
		};
/* End PBXProject section */

/* Begin PBXResourcesBuildPhase section */
		957954821FC53290003929C6 /* Resources */ = {
			isa = PBXResourcesBuildPhase;
			buildActionMask = 2147483647;
			files = (
				9579549A1FC53290003929C6 /* LaunchScreen.storyboard in Resources */,
				957954971FC53290003929C6 /* Assets.xcassets in Resources */,
				95F58E021FC6BC5C00A23C9E /* startingPoint.png in Resources */,
				95F58E041FC6BD6600A23C9E /* destinationPoint.png in Resources */,
				957954921FC53290003929C6 /* Main.storyboard in Resources */,
				95F58E0A1FCAA52E00A23C9E /* redpin.png in Resources */,
				36A2BCD41FC618ED00DD20ED /* direction.png in Resources */,
				36A2BCD21FC6124B00DD20ED /* blackpin.png in Resources */,
				36A2BCCF1FC6120400DD20ED /* greenpin.png in Resources */,
				95F58E0C1FCBAA0D00A23C9E /* reposPointer.png in Resources */,
				36A2BCCC1FC611E600DD20ED /* walker.png in Resources */,
			);
			runOnlyForDeploymentPostprocessing = 0;
		};
/* End PBXResourcesBuildPhase section */

/* Begin PBXSourcesBuildPhase section */
		957954801FC53290003929C6 /* Sources */ = {
			isa = PBXSourcesBuildPhase;
			buildActionMask = 2147483647;
			files = (
				957954A61FC54D7D003929C6 /* BikeLocation.m in Sources */,
				9579548F1FC53290003929C6 /* BikeShareMapViewController.m in Sources */,
				957954951FC53290003929C6 /* bikemap.xcdatamodeld in Sources */,
				9579548C1FC53290003929C6 /* AppDelegate.m in Sources */,
				957954891FC53290003929C6 /* main.m in Sources */,
			);
			runOnlyForDeploymentPostprocessing = 0;
		};
/* End PBXSourcesBuildPhase section */

/* Begin PBXVariantGroup section */
		957954901FC53290003929C6 /* Main.storyboard */ = {
			isa = PBXVariantGroup;
			children = (
				957954911FC53290003929C6 /* Base */,
			);
			name = Main.storyboard;
			sourceTree = "<group>";
		};
		957954981FC53290003929C6 /* LaunchScreen.storyboard */ = {
			isa = PBXVariantGroup;
			children = (
				957954991FC53290003929C6 /* Base */,
			);
			name = LaunchScreen.storyboard;
			sourceTree = "<group>";
		};
/* End PBXVariantGroup section */

/* Begin XCBuildConfiguration section */
		9579549C1FC53290003929C6 /* Debug */ = {
			isa = XCBuildConfiguration;
			buildSettings = {
				ALWAYS_SEARCH_USER_PATHS = NO;
				CLANG_ANALYZER_NONNULL = YES;
				CLANG_ANALYZER_NUMBER_OBJECT_CONVERSION = YES_AGGRESSIVE;
				CLANG_CXX_LANGUAGE_STANDARD = "gnu++0x";
				CLANG_CXX_LIBRARY = "libc++";
				CLANG_ENABLE_MODULES = YES;
				CLANG_ENABLE_OBJC_ARC = YES;
				CLANG_WARN_BOOL_CONVERSION = YES;
				CLANG_WARN_CONSTANT_CONVERSION = YES;
				CLANG_WARN_DIRECT_OBJC_ISA_USAGE = YES_ERROR;
				CLANG_WARN_DOCUMENTATION_COMMENTS = YES;
				CLANG_WARN_EMPTY_BODY = YES;
				CLANG_WARN_ENUM_CONVERSION = YES;
				CLANG_WARN_INFINITE_RECURSION = YES;
				CLANG_WARN_INT_CONVERSION = YES;
				CLANG_WARN_OBJC_ROOT_CLASS = YES_ERROR;
				CLANG_WARN_SUSPICIOUS_MOVE = YES;
				CLANG_WARN_UNREACHABLE_CODE = YES;
				CLANG_WARN__DUPLICATE_METHOD_MATCH = YES;
				"CODE_SIGN_IDENTITY[sdk=iphoneos*]" = "iPhone Developer";
				COPY_PHASE_STRIP = NO;
				DEBUG_INFORMATION_FORMAT = dwarf;
				ENABLE_STRICT_OBJC_MSGSEND = YES;
				ENABLE_TESTABILITY = YES;
				GCC_C_LANGUAGE_STANDARD = gnu99;
				GCC_DYNAMIC_NO_PIC = NO;
				GCC_NO_COMMON_BLOCKS = YES;
				GCC_OPTIMIZATION_LEVEL = 0;
				GCC_PREPROCESSOR_DEFINITIONS = (
					"DEBUG=1",
					"$(inherited)",
				);
				GCC_WARN_64_TO_32_BIT_CONVERSION = YES;
				GCC_WARN_ABOUT_RETURN_TYPE = YES_ERROR;
				GCC_WARN_UNDECLARED_SELECTOR = YES;
				GCC_WARN_UNINITIALIZED_AUTOS = YES_AGGRESSIVE;
				GCC_WARN_UNUSED_FUNCTION = YES;
				GCC_WARN_UNUSED_VARIABLE = YES;
				IPHONEOS_DEPLOYMENT_TARGET = 10.3;
				MTL_ENABLE_DEBUG_INFO = YES;
				ONLY_ACTIVE_ARCH = YES;
				SDKROOT = iphoneos;
				TARGETED_DEVICE_FAMILY = "1,2";
			};
			name = Debug;
		};
		9579549D1FC53290003929C6 /* Release */ = {
			isa = XCBuildConfiguration;
			buildSettings = {
				ALWAYS_SEARCH_USER_PATHS = NO;
				CLANG_ANALYZER_NONNULL = YES;
				CLANG_ANALYZER_NUMBER_OBJECT_CONVERSION = YES_AGGRESSIVE;
				CLANG_CXX_LANGUAGE_STANDARD = "gnu++0x";
				CLANG_CXX_LIBRARY = "libc++";
				CLANG_ENABLE_MODULES = YES;
				CLANG_ENABLE_OBJC_ARC = YES;
				CLANG_WARN_BOOL_CONVERSION = YES;
				CLANG_WARN_CONSTANT_CONVERSION = YES;
				CLANG_WARN_DIRECT_OBJC_ISA_USAGE = YES_ERROR;
				CLANG_WARN_DOCUMENTATION_COMMENTS = YES;
				CLANG_WARN_EMPTY_BODY = YES;
				CLANG_WARN_ENUM_CONVERSION = YES;
				CLANG_WARN_INFINITE_RECURSION = YES;
				CLANG_WARN_INT_CONVERSION = YES;
				CLANG_WARN_OBJC_ROOT_CLASS = YES_ERROR;
				CLANG_WARN_SUSPICIOUS_MOVE = YES;
				CLANG_WARN_UNREACHABLE_CODE = YES;
				CLANG_WARN__DUPLICATE_METHOD_MATCH = YES;
				"CODE_SIGN_IDENTITY[sdk=iphoneos*]" = "iPhone Developer";
				COPY_PHASE_STRIP = NO;
				DEBUG_INFORMATION_FORMAT = "dwarf-with-dsym";
				ENABLE_NS_ASSERTIONS = NO;
				ENABLE_STRICT_OBJC_MSGSEND = YES;
				GCC_C_LANGUAGE_STANDARD = gnu99;
				GCC_NO_COMMON_BLOCKS = YES;
				GCC_WARN_64_TO_32_BIT_CONVERSION = YES;
				GCC_WARN_ABOUT_RETURN_TYPE = YES_ERROR;
				GCC_WARN_UNDECLARED_SELECTOR = YES;
				GCC_WARN_UNINITIALIZED_AUTOS = YES_AGGRESSIVE;
				GCC_WARN_UNUSED_FUNCTION = YES;
				GCC_WARN_UNUSED_VARIABLE = YES;
				IPHONEOS_DEPLOYMENT_TARGET = 10.3;
				MTL_ENABLE_DEBUG_INFO = NO;
				SDKROOT = iphoneos;
				TARGETED_DEVICE_FAMILY = "1,2";
				VALIDATE_PRODUCT = YES;
			};
			name = Release;
		};
		9579549F1FC53290003929C6 /* Debug */ = {
			isa = XCBuildConfiguration;
			buildSettings = {
				ASSETCATALOG_COMPILER_APPICON_NAME = AppIcon;
				DEVELOPMENT_TEAM = XQ9J2D9T83;
				INFOPLIST_FILE = bikemap/Info.plist;
				LD_RUNPATH_SEARCH_PATHS = "$(inherited) @executable_path/Frameworks";
				PRODUCT_BUNDLE_IDENTIFIER = com.bigtimer.bikemap;
				PRODUCT_NAME = "$(TARGET_NAME)";
			};
			name = Debug;
		};
		957954A01FC53290003929C6 /* Release */ = {
			isa = XCBuildConfiguration;
			buildSettings = {
				ASSETCATALOG_COMPILER_APPICON_NAME = AppIcon;
				DEVELOPMENT_TEAM = XQ9J2D9T83;
				INFOPLIST_FILE = bikemap/Info.plist;
				LD_RUNPATH_SEARCH_PATHS = "$(inherited) @executable_path/Frameworks";
				PRODUCT_BUNDLE_IDENTIFIER = com.bigtimer.bikemap;
				PRODUCT_NAME = "$(TARGET_NAME)";
			};
			name = Release;
		};
/* End XCBuildConfiguration section */

/* Begin XCConfigurationList section */
		9579547F1FC5328F003929C6 /* Build configuration list for PBXProject "bikemap" */ = {
			isa = XCConfigurationList;
			buildConfigurations = (
				9579549C1FC53290003929C6 /* Debug */,
				9579549D1FC53290003929C6 /* Release */,
			);
			defaultConfigurationIsVisible = 0;
			defaultConfigurationName = Release;
		};
		9579549E1FC53290003929C6 /* Build configuration list for PBXNativeTarget "bikemap" */ = {
			isa = XCConfigurationList;
			buildConfigurations = (
				9579549F1FC53290003929C6 /* Debug */,
				957954A01FC53290003929C6 /* Release */,
			);
			defaultConfigurationIsVisible = 0;
			defaultConfigurationName = Release;
		};
/* End XCConfigurationList section */

/* Begin XCVersionGroup section */
		957954931FC53290003929C6 /* bikemap.xcdatamodeld */ = {
			isa = XCVersionGroup;
			children = (
				957954941FC53290003929C6 /* bikemap.xcdatamodel */,
			);
			currentVersion = 957954941FC53290003929C6 /* bikemap.xcdatamodel */;
			path = bikemap.xcdatamodeld;
			sourceTree = "<group>";
			versionGroupType = wrapper.xcdatamodel;
		};
/* End XCVersionGroup section */
	};
	rootObject = 9579547C1FC5328F003929C6 /* Project object */;
}
